
Microsoft Visual Studio Solution File, Format Version 12.00
# Visual Studio Version 17
VisualStudioVersion = 17.1.32228.430
MinimumVisualStudioVersion = 10.0.40219.1
Project("{2150E333-8FDC-42A3-9474-1A3956D46DE8}") = "1.App", "1.App", "{57238BA0-F244-4210-9B7F-B6791AE56C8F}"
EndProject
Project("{2150E333-8FDC-42A3-9474-1A3956D46DE8}") = "2.Logic", "2.Logic", "{E1E9FBB5-7238-4823-BA7E-EDA863BC75D4}"
EndProject
Project("{2150E333-8FDC-42A3-9474-1A3956D46DE8}") = "3.DB", "3.DB", "{FB05205B-B175-4399-87C8-D785522BB505}"
EndProject
Project("{9A19103F-16F7-4668-BE54-9A1E7A4F7556}") = "Com.NUS.API", "Com.NUS.API\Com.NUS.API.csproj", "{098D6EA9-CFD9-448F-A05A-3C06B389312F}"
EndProject
Project("{9A19103F-16F7-4668-BE54-9A1E7A4F7556}") = "Com.NUS.Common", "Com.NUS.Common\Com.NUS.Common.csproj", "{6656B24B-1549-4B48-8DB5-2043DAE8CF60}"
EndProject
Project("{9A19103F-16F7-4668-BE54-9A1E7A4F7556}") = "Com.NUS.ViewModels", "Com.NUS.ViewModels\Com.NUS.ViewModels.csproj", "{EB53F394-F0B0-42C3-81AF-2449BE42BE51}"
EndProject
Project("{9A19103F-16F7-4668-BE54-9A1E7A4F7556}") = "Com.NUS.Services", "Com.NUS.Services\Com.NUS.Services.csproj", "{22253EDC-E2F6-4C6F-9BFD-252531510C94}"
EndProject
Project("{9A19103F-16F7-4668-BE54-9A1E7A4F7556}") = "Com.NUS.DBEntities", "Com.NUS.DBEntities\Com.NUS.DBEntities.csproj", "{DD443C8C-5AC8-49E9-97B4-DD9A86064C61}"
EndProject
Project("{9A19103F-16F7-4668-BE54-9A1E7A4F7556}") = "Com.NUS.DataRepository", "Com.NUS.DataRepository\Com.NUS.DataRepository.csproj", "{A193FB08-983D-4663-9BB5-19FA3B5548AE}"
EndProject
Global
	GlobalSection(SolutionConfigurationPlatforms) = preSolution
		Debug|Any CPU = Debug|Any CPU
		Release|Any CPU = Release|Any CPU
	EndGlobalSection
	GlobalSection(ProjectConfigurationPlatforms) = postSolution
		{098D6EA9-CFD9-448F-A05A-3C06B389312F}.Debug|Any CPU.ActiveCfg = Debug|Any CPU
		{098D6EA9-CFD9-448F-A05A-3C06B389312F}.Debug|Any CPU.Build.0 = Debug|Any CPU
		{098D6EA9-CFD9-448F-A05A-3C06B389312F}.Release|Any CPU.ActiveCfg = Release|Any CPU
		{098D6EA9-CFD9-448F-A05A-3C06B389312F}.Release|Any CPU.Build.0 = Release|Any CPU
		{6656B24B-1549-4B48-8DB5-2043DAE8CF60}.Debug|Any CPU.ActiveCfg = Debug|Any CPU
		{6656B24B-1549-4B48-8DB5-2043DAE8CF60}.Debug|Any CPU.Build.0 = Debug|Any CPU
		{6656B24B-1549-4B48-8DB5-2043DAE8CF60}.Release|Any CPU.ActiveCfg = Release|Any CPU
		{6656B24B-1549-4B48-8DB5-2043DAE8CF60}.Release|Any CPU.Build.0 = Release|Any CPU
		{EB53F394-F0B0-42C3-81AF-2449BE42BE51}.Debug|Any CPU.ActiveCfg = Debug|Any CPU
		{EB53F394-F0B0-42C3-81AF-2449BE42BE51}.Debug|Any CPU.Build.0 = Debug|Any CPU
		{EB53F394-F0B0-42C3-81AF-2449BE42BE51}.Release|Any CPU.ActiveCfg = Release|Any CPU
		{EB53F394-F0B0-42C3-81AF-2449BE42BE51}.Release|Any CPU.Build.0 = Release|Any CPU
		{22253EDC-E2F6-4C6F-9BFD-252531510C94}.Debug|Any CPU.ActiveCfg = Debug|Any CPU
		{22253EDC-E2F6-4C6F-9BFD-252531510C94}.Debug|Any CPU.Build.0 = Debug|Any CPU
		{22253EDC-E2F6-4C6F-9BFD-252531510C94}.Release|Any CPU.ActiveCfg = Release|Any CPU
		{22253EDC-E2F6-4C6F-9BFD-252531510C94}.Release|Any CPU.Build.0 = Release|Any CPU
		{DD443C8C-5AC8-49E9-97B4-DD9A86064C61}.Debug|Any CPU.ActiveCfg = Debug|Any CPU
		{DD443C8C-5AC8-49E9-97B4-DD9A86064C61}.Debug|Any CPU.Build.0 = Debug|Any CPU
		{DD443C8C-5AC8-49E9-97B4-DD9A86064C61}.Release|Any CPU.ActiveCfg = Release|Any CPU
		{DD443C8C-5AC8-49E9-97B4-DD9A86064C61}.Release|Any CPU.Build.0 = Release|Any CPU
		{A193FB08-983D-4663-9BB5-19FA3B5548AE}.Debug|Any CPU.ActiveCfg = Debug|Any CPU
		{A193FB08-983D-4663-9BB5-19FA3B5548AE}.Debug|Any CPU.Build.0 = Debug|Any CPU
		{A193FB08-983D-4663-9BB5-19FA3B5548AE}.Release|Any CPU.ActiveCfg = Release|Any CPU
		{A193FB08-983D-4663-9BB5-19FA3B5548AE}.Release|Any CPU.Build.0 = Release|Any CPU
	EndGlobalSection
	GlobalSection(SolutionProperties) = preSolution
		HideSolutionNode = FALSE
	EndGlobalSection
	GlobalSection(NestedProjects) = preSolution
		{098D6EA9-CFD9-448F-A05A-3C06B389312F} = {57238BA0-F244-4210-9B7F-B6791AE56C8F}
		{6656B24B-1549-4B48-8DB5-2043DAE8CF60} = {E1E9FBB5-7238-4823-BA7E-EDA863BC75D4}
		{EB53F394-F0B0-42C3-81AF-2449BE42BE51} = {E1E9FBB5-7238-4823-BA7E-EDA863BC75D4}
		{22253EDC-E2F6-4C6F-9BFD-252531510C94} = {E1E9FBB5-7238-4823-BA7E-EDA863BC75D4}
		{DD443C8C-5AC8-49E9-97B4-DD9A86064C61} = {FB05205B-B175-4399-87C8-D785522BB505}
		{A193FB08-983D-4663-9BB5-19FA3B5548AE} = {FB05205B-B175-4399-87C8-D785522BB505}
	EndGlobalSection
	GlobalSection(ExtensibilityGlobals) = postSolution
		SolutionGuid = {518AA6CE-D220-431E-91A9-8DA2FE4C8EBB}
	EndGlobalSection
EndGlobal
